
Microsoft Visual Studio Solution File, Format Version 12.00
# Visual Studio 2012
Project("{FAE04EC0-301F-11D3-BF4B-00C04F79EFBC}") = "1.StudentInfo", "1.StudentInfo\1.StudentInfo.csproj", "{59CF5FD7-C43D-4560-92EB-5534CA7C6994}"
EndProject
Project("{FAE04EC0-301F-11D3-BF4B-00C04F79EFBC}") = "4.PersoneTest", "4.PersoneTest\4.PersoneTest.csproj", "{851A98B3-27E8-4DB0-91CF-FA4D79256BCE}"
EndProject
Global
	GlobalSection(SolutionConfigurationPlatforms) = preSolution
		Debug|Any CPU = Debug|Any CPU
		Release|Any CPU = Release|Any CPU
	EndGlobalSection
	GlobalSection(ProjectConfigurationPlatforms) = postSolution
		{59CF5FD7-C43D-4560-92EB-5534CA7C6994}.Debug|Any CPU.ActiveCfg = Debug|Any CPU
		{59CF5FD7-C43D-4560-92EB-5534CA7C6994}.Debug|Any CPU.Build.0 = Debug|Any CPU
		{59CF5FD7-C43D-4560-92EB-5534CA7C6994}.Release|Any CPU.ActiveCfg = Release|Any CPU
		{59CF5FD7-C43D-4560-92EB-5534CA7C6994}.Release|Any CPU.Build.0 = Release|Any CPU
		{851A98B3-27E8-4DB0-91CF-FA4D79256BCE}.Debug|Any CPU.ActiveCfg = Debug|Any CPU
		{851A98B3-27E8-4DB0-91CF-FA4D79256BCE}.Debug|Any CPU.Build.0 = Debug|Any CPU
		{851A98B3-27E8-4DB0-91CF-FA4D79256BCE}.Release|Any CPU.ActiveCfg = Release|Any CPU
		{851A98B3-27E8-4DB0-91CF-FA4D79256BCE}.Release|Any CPU.Build.0 = Release|Any CPU
	EndGlobalSection
	GlobalSection(SolutionProperties) = preSolution
		HideSolutionNode = FALSE
	EndGlobalSection
EndGlobal
