
Microsoft Visual Studio Solution File, Format Version 12.00
# Visual Studio 2012
Project("{FAE04EC0-301F-11D3-BF4B-00C04F79EFBC}") = "9GagNumber", "9GagNumber\9GagNumber.csproj", "{06C253F1-023C-40B1-83B7-440E7042C2A7}"
EndProject
Global
	GlobalSection(SolutionConfigurationPlatforms) = preSolution
		Debug|Any CPU = Debug|Any CPU
		Release|Any CPU = Release|Any CPU
	EndGlobalSection
	GlobalSection(ProjectConfigurationPlatforms) = postSolution
		{06C253F1-023C-40B1-83B7-440E7042C2A7}.Debug|Any CPU.ActiveCfg = Debug|Any CPU
		{06C253F1-023C-40B1-83B7-440E7042C2A7}.Debug|Any CPU.Build.0 = Debug|Any CPU
		{06C253F1-023C-40B1-83B7-440E7042C2A7}.Release|Any CPU.ActiveCfg = Release|Any CPU
		{06C253F1-023C-40B1-83B7-440E7042C2A7}.Release|Any CPU.Build.0 = Release|Any CPU
	EndGlobalSection
	GlobalSection(SolutionProperties) = preSolution
		HideSolutionNode = FALSE
	EndGlobalSection
EndGlobal
