
Microsoft Visual Studio Solution File, Format Version 12.00
# Visual Studio 2012
Project("{FAE04EC0-301F-11D3-BF4B-00C04F79EFBC}") = "1.SchoolInfo", "1.SchoolInfo\1.SchoolInfo.csproj", "{4B463F5C-E941-4A17-A6B6-2FE56764E985}"
EndProject
Project("{FAE04EC0-301F-11D3-BF4B-00C04F79EFBC}") = "2.InfoForStudentAndWorker", "2.InfoForStudentAndWorker\2.InfoForStudentAndWorker.csproj", "{ABB72214-3026-47EE-A1B6-A9BF06690567}"
EndProject
Project("{FAE04EC0-301F-11D3-BF4B-00C04F79EFBC}") = "3.AnimalKindInfo", "3.AnimalKindInfo\3.AnimalKindInfo.csproj", "{3095BB92-1BD1-42F0-8114-A97B9405C495}"
EndProject
Global
	GlobalSection(SolutionConfigurationPlatforms) = preSolution
		Debug|Any CPU = Debug|Any CPU
		Release|Any CPU = Release|Any CPU
	EndGlobalSection
	GlobalSection(ProjectConfigurationPlatforms) = postSolution
		{4B463F5C-E941-4A17-A6B6-2FE56764E985}.Debug|Any CPU.ActiveCfg = Debug|Any CPU
		{4B463F5C-E941-4A17-A6B6-2FE56764E985}.Debug|Any CPU.Build.0 = Debug|Any CPU
		{4B463F5C-E941-4A17-A6B6-2FE56764E985}.Release|Any CPU.ActiveCfg = Release|Any CPU
		{4B463F5C-E941-4A17-A6B6-2FE56764E985}.Release|Any CPU.Build.0 = Release|Any CPU
		{ABB72214-3026-47EE-A1B6-A9BF06690567}.Debug|Any CPU.ActiveCfg = Debug|Any CPU
		{ABB72214-3026-47EE-A1B6-A9BF06690567}.Debug|Any CPU.Build.0 = Debug|Any CPU
		{ABB72214-3026-47EE-A1B6-A9BF06690567}.Release|Any CPU.ActiveCfg = Release|Any CPU
		{ABB72214-3026-47EE-A1B6-A9BF06690567}.Release|Any CPU.Build.0 = Release|Any CPU
		{3095BB92-1BD1-42F0-8114-A97B9405C495}.Debug|Any CPU.ActiveCfg = Debug|Any CPU
		{3095BB92-1BD1-42F0-8114-A97B9405C495}.Debug|Any CPU.Build.0 = Debug|Any CPU
		{3095BB92-1BD1-42F0-8114-A97B9405C495}.Release|Any CPU.ActiveCfg = Release|Any CPU
		{3095BB92-1BD1-42F0-8114-A97B9405C495}.Release|Any CPU.Build.0 = Release|Any CPU
	EndGlobalSection
	GlobalSection(SolutionProperties) = preSolution
		HideSolutionNode = FALSE
	EndGlobalSection
EndGlobal
