
Microsoft Visual Studio Solution File, Format Version 12.00
# Visual Studio 2012
Project("{FAE04EC0-301F-11D3-BF4B-00C04F79EFBC}") = "RotatingWalkInMatrix", "RotatingWalkInMatrix\RotatingWalkInMatrix.csproj", "{26F59239-74AA-440E-8B4E-E8CEF2F9FA71}"
EndProject
Project("{FAE04EC0-301F-11D3-BF4B-00C04F79EFBC}") = "RotatingWalkInMatrixTests", "RotatingWalkInMatrix\RotatingWalkInMatrixTests\RotatingWalkInMatrixTests.csproj", "{795A1ABD-92E3-48BC-8648-0FAF8822C8B1}"
EndProject
Global
	GlobalSection(SolutionConfigurationPlatforms) = preSolution
		Debug|Any CPU = Debug|Any CPU
		Release|Any CPU = Release|Any CPU
	EndGlobalSection
	GlobalSection(ProjectConfigurationPlatforms) = postSolution
		{26F59239-74AA-440E-8B4E-E8CEF2F9FA71}.Debug|Any CPU.ActiveCfg = Debug|Any CPU
		{26F59239-74AA-440E-8B4E-E8CEF2F9FA71}.Debug|Any CPU.Build.0 = Debug|Any CPU
		{26F59239-74AA-440E-8B4E-E8CEF2F9FA71}.Release|Any CPU.ActiveCfg = Release|Any CPU
		{26F59239-74AA-440E-8B4E-E8CEF2F9FA71}.Release|Any CPU.Build.0 = Release|Any CPU
		{795A1ABD-92E3-48BC-8648-0FAF8822C8B1}.Debug|Any CPU.ActiveCfg = Debug|Any CPU
		{795A1ABD-92E3-48BC-8648-0FAF8822C8B1}.Debug|Any CPU.Build.0 = Debug|Any CPU
		{795A1ABD-92E3-48BC-8648-0FAF8822C8B1}.Release|Any CPU.ActiveCfg = Release|Any CPU
		{795A1ABD-92E3-48BC-8648-0FAF8822C8B1}.Release|Any CPU.Build.0 = Release|Any CPU
	EndGlobalSection
	GlobalSection(SolutionProperties) = preSolution
		HideSolutionNode = FALSE
	EndGlobalSection
EndGlobal
