
Microsoft Visual Studio Solution File, Format Version 12.00
# Visual Studio 2012
Project("{FAE04EC0-301F-11D3-BF4B-00C04F79EFBC}") = "9.FindsTheMostFrequentNumber", "9.FindsTheMostFrequentNumber\9.FindsTheMostFrequentNumber.csproj", "{958517F4-EED8-41E4-9F0C-E392FAC6970F}"
EndProject
Project("{FAE04EC0-301F-11D3-BF4B-00C04F79EFBC}") = "10.FindsInGivenArrayOfIntegersASequence", "10.FindsInGivenArrayOfIntegersASequence\10.FindsInGivenArrayOfIntegersASequence.csproj", "{5747976F-B854-4CBC-9516-1C3C9FDF251E}"
EndProject
Global
	GlobalSection(SolutionConfigurationPlatforms) = preSolution
		Debug|Any CPU = Debug|Any CPU
		Release|Any CPU = Release|Any CPU
	EndGlobalSection
	GlobalSection(ProjectConfigurationPlatforms) = postSolution
		{958517F4-EED8-41E4-9F0C-E392FAC6970F}.Debug|Any CPU.ActiveCfg = Debug|Any CPU
		{958517F4-EED8-41E4-9F0C-E392FAC6970F}.Debug|Any CPU.Build.0 = Debug|Any CPU
		{958517F4-EED8-41E4-9F0C-E392FAC6970F}.Release|Any CPU.ActiveCfg = Release|Any CPU
		{958517F4-EED8-41E4-9F0C-E392FAC6970F}.Release|Any CPU.Build.0 = Release|Any CPU
		{5747976F-B854-4CBC-9516-1C3C9FDF251E}.Debug|Any CPU.ActiveCfg = Debug|Any CPU
		{5747976F-B854-4CBC-9516-1C3C9FDF251E}.Debug|Any CPU.Build.0 = Debug|Any CPU
		{5747976F-B854-4CBC-9516-1C3C9FDF251E}.Release|Any CPU.ActiveCfg = Release|Any CPU
		{5747976F-B854-4CBC-9516-1C3C9FDF251E}.Release|Any CPU.Build.0 = Release|Any CPU
	EndGlobalSection
	GlobalSection(SolutionProperties) = preSolution
		HideSolutionNode = FALSE
	EndGlobalSection
EndGlobal
