
Microsoft Visual Studio Solution File, Format Version 12.00
# Visual Studio 2012
Project("{FAE04EC0-301F-11D3-BF4B-00C04F79EFBC}") = "1.RefactorCode", "1.RefactorCode\1.RefactorCode\1.RefactorCode.csproj", "{476011A2-904E-41D6-8986-FBB43EBD47AF}"
EndProject
Project("{FAE04EC0-301F-11D3-BF4B-00C04F79EFBC}") = "2.RefactorCode", "2.RefactorCode\2.RefactorCode.csproj", "{FB5EDAEB-2298-45CB-ABA8-2C0B9794F2C0}"
EndProject
Project("{FAE04EC0-301F-11D3-BF4B-00C04F79EFBC}") = "3.RefactorJS", "3.RefactorJS\3.RefactorJS.csproj", "{970C205A-0410-4187-AEEE-D19DF82CDFCB}"
EndProject
Project("{FAE04EC0-301F-11D3-BF4B-00C04F79EFBC}") = "4.NamingIdentifiers", "4. NamingIdentifiers\4.NamingIdentifiers.csproj", "{9E00E0DB-8FA7-4D7C-B507-54022F9E2C5B}"
EndProject
Global
	GlobalSection(SolutionConfigurationPlatforms) = preSolution
		Debug|Any CPU = Debug|Any CPU
		Release|Any CPU = Release|Any CPU
	EndGlobalSection
	GlobalSection(ProjectConfigurationPlatforms) = postSolution
		{476011A2-904E-41D6-8986-FBB43EBD47AF}.Debug|Any CPU.ActiveCfg = Debug|Any CPU
		{476011A2-904E-41D6-8986-FBB43EBD47AF}.Debug|Any CPU.Build.0 = Debug|Any CPU
		{476011A2-904E-41D6-8986-FBB43EBD47AF}.Release|Any CPU.ActiveCfg = Release|Any CPU
		{476011A2-904E-41D6-8986-FBB43EBD47AF}.Release|Any CPU.Build.0 = Release|Any CPU
		{FB5EDAEB-2298-45CB-ABA8-2C0B9794F2C0}.Debug|Any CPU.ActiveCfg = Debug|Any CPU
		{FB5EDAEB-2298-45CB-ABA8-2C0B9794F2C0}.Debug|Any CPU.Build.0 = Debug|Any CPU
		{FB5EDAEB-2298-45CB-ABA8-2C0B9794F2C0}.Release|Any CPU.ActiveCfg = Release|Any CPU
		{FB5EDAEB-2298-45CB-ABA8-2C0B9794F2C0}.Release|Any CPU.Build.0 = Release|Any CPU
		{970C205A-0410-4187-AEEE-D19DF82CDFCB}.Debug|Any CPU.ActiveCfg = Debug|Any CPU
		{970C205A-0410-4187-AEEE-D19DF82CDFCB}.Debug|Any CPU.Build.0 = Debug|Any CPU
		{970C205A-0410-4187-AEEE-D19DF82CDFCB}.Release|Any CPU.ActiveCfg = Release|Any CPU
		{970C205A-0410-4187-AEEE-D19DF82CDFCB}.Release|Any CPU.Build.0 = Release|Any CPU
		{9E00E0DB-8FA7-4D7C-B507-54022F9E2C5B}.Debug|Any CPU.ActiveCfg = Debug|Any CPU
		{9E00E0DB-8FA7-4D7C-B507-54022F9E2C5B}.Debug|Any CPU.Build.0 = Debug|Any CPU
		{9E00E0DB-8FA7-4D7C-B507-54022F9E2C5B}.Release|Any CPU.ActiveCfg = Release|Any CPU
		{9E00E0DB-8FA7-4D7C-B507-54022F9E2C5B}.Release|Any CPU.Build.0 = Release|Any CPU
	EndGlobalSection
	GlobalSection(SolutionProperties) = preSolution
		HideSolutionNode = FALSE
	EndGlobalSection
EndGlobal
